
Microsoft Visual Studio Solution File, Format Version 12.00
# Visual Studio 15
VisualStudioVersion = 15.0.28010.2026
MinimumVisualStudioVersion = 10.0.40219.1
Project("{FAE04EC0-301F-11D3-BF4B-00C04F79EFBC}") = "FileCompressionUtility", "FileCompressionUtility\FileCompressionUtility.csproj", "{074B73C8-2C4C-4736-9E82-E367745C0F70}"
EndProject
Global
	GlobalSection(SolutionConfigurationPlatforms) = preSolution
		Debug|Any CPU = Debug|Any CPU
		Release|Any CPU = Release|Any CPU
	EndGlobalSection
	GlobalSection(ProjectConfigurationPlatforms) = postSolution
		{074B73C8-2C4C-4736-9E82-E367745C0F70}.Debug|Any CPU.ActiveCfg = Debug|Any CPU
		{074B73C8-2C4C-4736-9E82-E367745C0F70}.Debug|Any CPU.Build.0 = Debug|Any CPU
		{074B73C8-2C4C-4736-9E82-E367745C0F70}.Release|Any CPU.ActiveCfg = Release|Any CPU
		{074B73C8-2C4C-4736-9E82-E367745C0F70}.Release|Any CPU.Build.0 = Release|Any CPU
	EndGlobalSection
	GlobalSection(SolutionProperties) = preSolution
		HideSolutionNode = FALSE
	EndGlobalSection
	GlobalSection(ExtensibilityGlobals) = postSolution
		SolutionGuid = {F58F52C5-192D-461F-8B67-1D90DB27911A}
	EndGlobalSection
EndGlobal
